
Microsoft Visual Studio Solution File, Format Version 12.00
# Visual Studio Version 17
VisualStudioVersion = 17.7.34024.191
MinimumVisualStudioVersion = 10.0.40219.1
Project("{FAE04EC0-301F-11D3-BF4B-00C04F79EFBC}") = "CoffeeShopRegistration", "CoffeeShopRegistration\CoffeeShopRegistration.csproj", "{566CDFAC-1F85-4C13-A857-DE8786AF000F}"
EndProject
Global
	GlobalSection(SolutionConfigurationPlatforms) = preSolution
		Debug|Any CPU = Debug|Any CPU
		Release|Any CPU = Release|Any CPU
	EndGlobalSection
	GlobalSection(ProjectConfigurationPlatforms) = postSolution
		{566CDFAC-1F85-4C13-A857-DE8786AF000F}.Debug|Any CPU.ActiveCfg = Debug|Any CPU
		{566CDFAC-1F85-4C13-A857-DE8786AF000F}.Debug|Any CPU.Build.0 = Debug|Any CPU
		{566CDFAC-1F85-4C13-A857-DE8786AF000F}.Release|Any CPU.ActiveCfg = Release|Any CPU
		{566CDFAC-1F85-4C13-A857-DE8786AF000F}.Release|Any CPU.Build.0 = Release|Any CPU
	EndGlobalSection
	GlobalSection(SolutionProperties) = preSolution
		HideSolutionNode = FALSE
	EndGlobalSection
	GlobalSection(ExtensibilityGlobals) = postSolution
		SolutionGuid = {54D33F8B-75AD-4CA1-863B-8948EB964289}
	EndGlobalSection
EndGlobal
